{
  "name": "flashphoner_client",
  "version": "1.0.0",
  "lockfileVersion": 3,
  "requires": true,
  "packages": {
    "": {
      "name": "flashphoner_client",
      "version": "1.0.0",
      "license": "ISC",
      "dependencies": {
        "@flashphoner/websdk": "^2.0.231"
      }
    },
    "node_modules/@flashphoner/websdk": {
      "version": "2.0.231",
      "resolved": "https://registry.npmjs.org/@flashphoner/websdk/-/websdk-2.0.231.tgz",
      "integrity": "sha512-O7sQB2wtmd39XI300cfaoqm4P5FdfWIiw5adPsC+rgMXjAGTvxbTq2OvkQJfUiH46XJSeRWIwd9kXdJQEeaynw==",
      "dependencies": {
        "adapterjs": "0.15.5",
        "es6-promise": "4.0.5",
        "kalmanjs": "^1.1.0",
        "promise-polyfill": "^6.0.1",
        "swfobject": "^2.2.1",
        "uuid": "^8.3.0",
        "webrtc-adapter": "^7.2.6"
      }
    },
    "node_modules/adapterjs": {
      "version": "0.15.5",
      "resolved": "https://registry.npmjs.org/adapterjs/-/adapterjs-0.15.5.tgz",
      "integrity": "sha512-DbeQ8QXx7oUR2JcXrrTF47+F4BeVQUHgxSntpalp9fdKmp/02lxcpTPEF417ZOh5gqqCB320y20znzata2LiMw==",
      "engines": {
        "grunt": ">=0.4.1",
        "node": ">=0.10.26",
        "npm": ">=1.4.6"
      }
    },
    "node_modules/es6-promise": {
      "version": "4.0.5",
      "resolved": "https://registry.npmjs.org/es6-promise/-/es6-promise-4.0.5.tgz",
      "integrity": "sha512-4QUVu8ljexIQebW0h+5EhEqVKvh8p7Wu3zi3AqPmX3tFL2bf6MnZ2ytC/3xuUt1mo6kE2GSYNmjWyDo2SjkAsg=="
    },
    "node_modules/kalmanjs": {
      "version": "1.1.0",
      "resolved": "https://registry.npmjs.org/kalmanjs/-/kalmanjs-1.1.0.tgz",
      "integrity": "sha512-Gkm2DAKIX8geuDcEJ92e80EmQ6TyIzWBJk6AFk+aDLofQ4G/KoDe1RCY9WMuXFe0NQxsTi7HYh9BVQneOtlvkg=="
    },
    "node_modules/promise-polyfill": {
      "version": "6.1.0",
      "resolved": "https://registry.npmjs.org/promise-polyfill/-/promise-polyfill-6.1.0.tgz",
      "integrity": "sha512-g0LWaH0gFsxovsU7R5LrrhHhWAWiHRnh1GPrhXnPgYsDkIqjRYUYSZEsej/wtleDrz5xVSIDbeKfidztp2XHFQ=="
    },
    "node_modules/rtcpeerconnection-shim": {
      "version": "1.2.15",
      "resolved": "https://registry.npmjs.org/rtcpeerconnection-shim/-/rtcpeerconnection-shim-1.2.15.tgz",
      "integrity": "sha512-C6DxhXt7bssQ1nHb154lqeL0SXz5Dx4RczXZu2Aa/L1NJFnEVDxFwCBo3fqtuljhHIGceg5JKBV4XJ0gW5JKyw==",
      "dependencies": {
        "sdp": "^2.6.0"
      },
      "engines": {
        "node": ">=6.0.0",
        "npm": ">=3.10.0"
      }
    },
    "node_modules/sdp": {
      "version": "2.12.0",
      "resolved": "https://registry.npmjs.org/sdp/-/sdp-2.12.0.tgz",
      "integrity": "sha512-jhXqQAQVM+8Xj5EjJGVweuEzgtGWb3tmEEpl3CLP3cStInSbVHSg0QWOGQzNq8pSID4JkpeV2mPqlMDLrm0/Vw=="
    },
    "node_modules/swfobject": {
      "version": "2.2.1",
      "resolved": "https://registry.npmjs.org/swfobject/-/swfobject-2.2.1.tgz",
      "integrity": "sha512-zcr0lueMzUum1y95CNVFpJHxjPchbFFsBHujRW4iQhAw7pwotzS0gsSGgs4O0gylCrMhTKYI899dlwsc4Eq0Bg=="
    },
    "node_modules/uuid": {
      "version": "8.3.2",
      "resolved": "https://registry.npmjs.org/uuid/-/uuid-8.3.2.tgz",
      "integrity": "sha512-+NYs2QeMWy+GWFOEm9xnn6HCDp0l7QBD7ml8zLUmJ+93Q5NF0NocErnwkTkXVFNiX3/fpC6afS8Dhb/gz7R7eg==",
      "bin": {
        "uuid": "dist/bin/uuid"
      }
    },
    "node_modules/webrtc-adapter": {
      "version": "7.7.1",
      "resolved": "https://registry.npmjs.org/webrtc-adapter/-/webrtc-adapter-7.7.1.tgz",
      "integrity": "sha512-TbrbBmiQBL9n0/5bvDdORc6ZfRY/Z7JnEj+EYOD1ghseZdpJ+nF2yx14k3LgQKc7JZnG7HAcL+zHnY25So9d7A==",
      "dependencies": {
        "rtcpeerconnection-shim": "^1.2.15",
        "sdp": "^2.12.0"
      },
      "engines": {
        "node": ">=6.0.0",
        "npm": ">=3.10.0"
      }
    }
  }
}
